
Microsoft Visual Studio Solution File, Format Version 12.00
# Visual Studio Version 16
VisualStudioVersion = 16.0.33027.164
MinimumVisualStudioVersion = 10.0.40219.1
Project("{FAE04EC0-301F-11D3-BF4B-00C04F79EFBC}") = "finalproj", "finalproj\finalproj.csproj", "{8801A8EB-680C-4DB3-BC8E-D9AFD0C072A2}"
EndProject
Global
	GlobalSection(SolutionConfigurationPlatforms) = preSolution
		Debug|Any CPU = Debug|Any CPU
		Release|Any CPU = Release|Any CPU
	EndGlobalSection
	GlobalSection(ProjectConfigurationPlatforms) = postSolution
		{8801A8EB-680C-4DB3-BC8E-D9AFD0C072A2}.Debug|Any CPU.ActiveCfg = Debug|Any CPU
		{8801A8EB-680C-4DB3-BC8E-D9AFD0C072A2}.Debug|Any CPU.Build.0 = Debug|Any CPU
		{8801A8EB-680C-4DB3-BC8E-D9AFD0C072A2}.Release|Any CPU.ActiveCfg = Release|Any CPU
		{8801A8EB-680C-4DB3-BC8E-D9AFD0C072A2}.Release|Any CPU.Build.0 = Release|Any CPU
	EndGlobalSection
	GlobalSection(SolutionProperties) = preSolution
		HideSolutionNode = FALSE
	EndGlobalSection
	GlobalSection(ExtensibilityGlobals) = postSolution
		SolutionGuid = {DEA154C9-B0BD-438E-A718-EE428416FCAD}
	EndGlobalSection
EndGlobal
